
Microsoft Visual Studio Solution File, Format Version 12.00
# Visual Studio Version 17
VisualStudioVersion = 17.5.33627.172
MinimumVisualStudioVersion = 10.0.40219.1
Project("{9A19103F-16F7-4668-BE54-9A1E7A4F7556}") = "TelegramBot", "TelegramBot\TelegramBot.csproj", "{7394E633-F26D-4523-ACC3-2A26B1FA5ABE}"
EndProject
Project("{9A19103F-16F7-4668-BE54-9A1E7A4F7556}") = "DataInteraction", "DataInteraction\DataInteraction.csproj", "{D6CEA1E6-DA3E-4E59-9112-A1C533F5BB3A}"
EndProject
Project("{9A19103F-16F7-4668-BE54-9A1E7A4F7556}") = "PersonalFinances", "PersonalFinanses\PersonalFinances.csproj", "{123019C6-E9AE-4CBD-A325-FBFF4F786917}"
EndProject
Project("{9A19103F-16F7-4668-BE54-9A1E7A4F7556}") = "Common", "Common\Common.csproj", "{0A556738-B9C9-470D-840D-DA624AD407DD}"
EndProject
Project("{FAE04EC0-301F-11D3-BF4B-00C04F79EFBC}") = "Services", "Services\Services.csproj", "{0F5A69D6-235E-43F8-A442-D0C999672C3E}"
EndProject
Global
	GlobalSection(SolutionConfigurationPlatforms) = preSolution
		Debug|Any CPU = Debug|Any CPU
		Release|Any CPU = Release|Any CPU
	EndGlobalSection
	GlobalSection(ProjectConfigurationPlatforms) = postSolution
		{7394E633-F26D-4523-ACC3-2A26B1FA5ABE}.Debug|Any CPU.ActiveCfg = Debug|Any CPU
		{7394E633-F26D-4523-ACC3-2A26B1FA5ABE}.Debug|Any CPU.Build.0 = Debug|Any CPU
		{7394E633-F26D-4523-ACC3-2A26B1FA5ABE}.Release|Any CPU.ActiveCfg = Release|Any CPU
		{7394E633-F26D-4523-ACC3-2A26B1FA5ABE}.Release|Any CPU.Build.0 = Release|Any CPU
		{D6CEA1E6-DA3E-4E59-9112-A1C533F5BB3A}.Debug|Any CPU.ActiveCfg = Debug|Any CPU
		{D6CEA1E6-DA3E-4E59-9112-A1C533F5BB3A}.Debug|Any CPU.Build.0 = Debug|Any CPU
		{D6CEA1E6-DA3E-4E59-9112-A1C533F5BB3A}.Release|Any CPU.ActiveCfg = Release|Any CPU
		{D6CEA1E6-DA3E-4E59-9112-A1C533F5BB3A}.Release|Any CPU.Build.0 = Release|Any CPU
		{123019C6-E9AE-4CBD-A325-FBFF4F786917}.Debug|Any CPU.ActiveCfg = Debug|Any CPU
		{123019C6-E9AE-4CBD-A325-FBFF4F786917}.Debug|Any CPU.Build.0 = Debug|Any CPU
		{123019C6-E9AE-4CBD-A325-FBFF4F786917}.Release|Any CPU.ActiveCfg = Release|Any CPU
		{123019C6-E9AE-4CBD-A325-FBFF4F786917}.Release|Any CPU.Build.0 = Release|Any CPU
		{0A556738-B9C9-470D-840D-DA624AD407DD}.Debug|Any CPU.ActiveCfg = Debug|Any CPU
		{0A556738-B9C9-470D-840D-DA624AD407DD}.Debug|Any CPU.Build.0 = Debug|Any CPU
		{0A556738-B9C9-470D-840D-DA624AD407DD}.Release|Any CPU.ActiveCfg = Release|Any CPU
		{0A556738-B9C9-470D-840D-DA624AD407DD}.Release|Any CPU.Build.0 = Release|Any CPU
		{0F5A69D6-235E-43F8-A442-D0C999672C3E}.Debug|Any CPU.ActiveCfg = Debug|Any CPU
		{0F5A69D6-235E-43F8-A442-D0C999672C3E}.Debug|Any CPU.Build.0 = Debug|Any CPU
		{0F5A69D6-235E-43F8-A442-D0C999672C3E}.Release|Any CPU.ActiveCfg = Release|Any CPU
		{0F5A69D6-235E-43F8-A442-D0C999672C3E}.Release|Any CPU.Build.0 = Release|Any CPU
	EndGlobalSection
	GlobalSection(SolutionProperties) = preSolution
		HideSolutionNode = FALSE
	EndGlobalSection
	GlobalSection(ExtensibilityGlobals) = postSolution
		SolutionGuid = {519EFEEA-C66E-4D64-8661-1FADD091F769}
	EndGlobalSection
EndGlobal
